
Microsoft Visual Studio Solution File, Format Version 12.00
# Visual Studio Version 16
VisualStudioVersion = 16.0.31424.327
MinimumVisualStudioVersion = 10.0.40219.1
Project("{FAE04EC0-301F-11D3-BF4B-00C04F79EFBC}") = "treinamento", "treinamento\treinamento.csproj", "{526FC99E-F07C-4CED-8CDD-6266202DD2CE}"
EndProject
Global
	GlobalSection(SolutionConfigurationPlatforms) = preSolution
		Debug|Any CPU = Debug|Any CPU
		Release|Any CPU = Release|Any CPU
	EndGlobalSection
	GlobalSection(ProjectConfigurationPlatforms) = postSolution
		{526FC99E-F07C-4CED-8CDD-6266202DD2CE}.Debug|Any CPU.ActiveCfg = Debug|Any CPU
		{526FC99E-F07C-4CED-8CDD-6266202DD2CE}.Debug|Any CPU.Build.0 = Debug|Any CPU
		{526FC99E-F07C-4CED-8CDD-6266202DD2CE}.Release|Any CPU.ActiveCfg = Release|Any CPU
		{526FC99E-F07C-4CED-8CDD-6266202DD2CE}.Release|Any CPU.Build.0 = Release|Any CPU
	EndGlobalSection
	GlobalSection(SolutionProperties) = preSolution
		HideSolutionNode = FALSE
	EndGlobalSection
	GlobalSection(ExtensibilityGlobals) = postSolution
		SolutionGuid = {AECE8671-66E7-4534-9F1B-51BF95C370FE}
	EndGlobalSection
EndGlobal
